
Microsoft Visual Studio Solution File, Format Version 12.00
# Visual Studio Version 16
VisualStudioVersion = 16.0.29424.173
MinimumVisualStudioVersion = 10.0.40219.1
Project("{FAE04EC0-301F-11D3-BF4B-00C04F79EFBC}") = "PocFunctionWithServiceBus01", "PocFunctionWithServiceBus01\PocFunctionWithServiceBus01.csproj", "{D545F087-95D3-48FB-A668-37FC3CD75727}"
EndProject
Global
	GlobalSection(SolutionConfigurationPlatforms) = preSolution
		Debug|Any CPU = Debug|Any CPU
		Release|Any CPU = Release|Any CPU
	EndGlobalSection
	GlobalSection(ProjectConfigurationPlatforms) = postSolution
		{D545F087-95D3-48FB-A668-37FC3CD75727}.Debug|Any CPU.ActiveCfg = Debug|Any CPU
		{D545F087-95D3-48FB-A668-37FC3CD75727}.Debug|Any CPU.Build.0 = Debug|Any CPU
		{D545F087-95D3-48FB-A668-37FC3CD75727}.Release|Any CPU.ActiveCfg = Release|Any CPU
		{D545F087-95D3-48FB-A668-37FC3CD75727}.Release|Any CPU.Build.0 = Release|Any CPU
	EndGlobalSection
	GlobalSection(SolutionProperties) = preSolution
		HideSolutionNode = FALSE
	EndGlobalSection
	GlobalSection(ExtensibilityGlobals) = postSolution
		SolutionGuid = {47466B9A-7C72-4442-BEEC-9B58B0D6920C}
	EndGlobalSection
EndGlobal
